
Microsoft Visual Studio Solution File, Format Version 12.00
# Visual Studio Version 16
VisualStudioVersion = 16.0.29424.173
MinimumVisualStudioVersion = 10.0.40219.1
Project("{FAE04EC0-301F-11D3-BF4B-00C04F79EFBC}") = "NovelGameLib", "NovelGameLib\NovelGameLib.csproj", "{F6168C1D-89CE-4A75-A7C9-9C98272CAA3D}"
EndProject
Project("{FAE04EC0-301F-11D3-BF4B-00C04F79EFBC}") = "NovelGameLib.CLITool", "NovelGameLib.CLITool\NovelGameLib.CLITool.csproj", "{4AF293DC-E2B4-4D07-93AE-6027A5860806}"
EndProject
Global
	GlobalSection(SolutionConfigurationPlatforms) = preSolution
		Debug|Any CPU = Debug|Any CPU
		Release|Any CPU = Release|Any CPU
	EndGlobalSection
	GlobalSection(ProjectConfigurationPlatforms) = postSolution
		{F6168C1D-89CE-4A75-A7C9-9C98272CAA3D}.Debug|Any CPU.ActiveCfg = Debug|Any CPU
		{F6168C1D-89CE-4A75-A7C9-9C98272CAA3D}.Debug|Any CPU.Build.0 = Debug|Any CPU
		{F6168C1D-89CE-4A75-A7C9-9C98272CAA3D}.Release|Any CPU.ActiveCfg = Release|Any CPU
		{F6168C1D-89CE-4A75-A7C9-9C98272CAA3D}.Release|Any CPU.Build.0 = Release|Any CPU
		{4AF293DC-E2B4-4D07-93AE-6027A5860806}.Debug|Any CPU.ActiveCfg = Debug|Any CPU
		{4AF293DC-E2B4-4D07-93AE-6027A5860806}.Debug|Any CPU.Build.0 = Debug|Any CPU
		{4AF293DC-E2B4-4D07-93AE-6027A5860806}.Release|Any CPU.ActiveCfg = Release|Any CPU
		{4AF293DC-E2B4-4D07-93AE-6027A5860806}.Release|Any CPU.Build.0 = Release|Any CPU
	EndGlobalSection
	GlobalSection(SolutionProperties) = preSolution
		HideSolutionNode = FALSE
	EndGlobalSection
	GlobalSection(ExtensibilityGlobals) = postSolution
		SolutionGuid = {BA3F32F2-7610-415E-B669-B026BD9121E1}
	EndGlobalSection
EndGlobal
